
Microsoft Visual Studio Solution File, Format Version 12.00
# Visual Studio Version 17
VisualStudioVersion = 17.10.35122.118
MinimumVisualStudioVersion = 10.0.40219.1
Project("{FAE04EC0-301F-11D3-BF4B-00C04F79EFBC}") = "CacheDemo", "CacheDemo\CacheDemo.csproj", "{FAA90EC9-BC14-487C-B06F-3CF3F4B190DF}"
EndProject
Global
	GlobalSection(SolutionConfigurationPlatforms) = preSolution
		Debug|Any CPU = Debug|Any CPU
		Release|Any CPU = Release|Any CPU
	EndGlobalSection
	GlobalSection(ProjectConfigurationPlatforms) = postSolution
		{FAA90EC9-BC14-487C-B06F-3CF3F4B190DF}.Debug|Any CPU.ActiveCfg = Debug|Any CPU
		{FAA90EC9-BC14-487C-B06F-3CF3F4B190DF}.Debug|Any CPU.Build.0 = Debug|Any CPU
		{FAA90EC9-BC14-487C-B06F-3CF3F4B190DF}.Release|Any CPU.ActiveCfg = Release|Any CPU
		{FAA90EC9-BC14-487C-B06F-3CF3F4B190DF}.Release|Any CPU.Build.0 = Release|Any CPU
	EndGlobalSection
	GlobalSection(SolutionProperties) = preSolution
		HideSolutionNode = FALSE
	EndGlobalSection
	GlobalSection(ExtensibilityGlobals) = postSolution
		SolutionGuid = {299282C2-2290-4FF1-B7C1-837E39B5BFDC}
	EndGlobalSection
EndGlobal
